
Microsoft Visual Studio Solution File, Format Version 12.00
# Visual Studio Version 16
VisualStudioVersion = 16.0.31129.286
MinimumVisualStudioVersion = 10.0.40219.1
Project("{FAE04EC0-301F-11D3-BF4B-00C04F79EFBC}") = "FlashDriveApp", "FlashDriveApp\FlashDriveApp.csproj", "{1DD4200C-721C-44BD-B9E2-36B025C19007}"
EndProject
Global
	GlobalSection(SolutionConfigurationPlatforms) = preSolution
		Debug|Any CPU = Debug|Any CPU
		Release|Any CPU = Release|Any CPU
	EndGlobalSection
	GlobalSection(ProjectConfigurationPlatforms) = postSolution
		{1DD4200C-721C-44BD-B9E2-36B025C19007}.Debug|Any CPU.ActiveCfg = Debug|Any CPU
		{1DD4200C-721C-44BD-B9E2-36B025C19007}.Debug|Any CPU.Build.0 = Debug|Any CPU
		{1DD4200C-721C-44BD-B9E2-36B025C19007}.Release|Any CPU.ActiveCfg = Release|Any CPU
		{1DD4200C-721C-44BD-B9E2-36B025C19007}.Release|Any CPU.Build.0 = Release|Any CPU
	EndGlobalSection
	GlobalSection(SolutionProperties) = preSolution
		HideSolutionNode = FALSE
	EndGlobalSection
	GlobalSection(ExtensibilityGlobals) = postSolution
		SolutionGuid = {F2FB3E6C-6952-4C44-A14F-EE9DF4AEB698}
	EndGlobalSection
EndGlobal
